
Microsoft Visual Studio Solution File, Format Version 12.00
# Visual Studio Version 16
VisualStudioVersion = 16.0.29613.14
MinimumVisualStudioVersion = 10.0.40219.1
Project("{2150E333-8FDC-42A3-9474-1A3956D46DE8}") = "Microservices", "Microservices", "{9B61B1D3-EEBC-43CF-B19D-BD6F3A03D4BB}"
EndProject
Project("{2150E333-8FDC-42A3-9474-1A3956D46DE8}") = "Domain", "Domain", "{4911D99B-97B6-4F63-9E67-3F5F6BF596EB}"
EndProject
Project("{2150E333-8FDC-42A3-9474-1A3956D46DE8}") = "Infra.Bus", "Infra.Bus", "{D2AF2620-8302-4D36-93E0-8E57F4C03487}"
EndProject
Project("{2150E333-8FDC-42A3-9474-1A3956D46DE8}") = "Infra.IoC", "Infra.IoC", "{2F63F5FE-8FFB-4B76-8B9B-12571F4B7B66}"
EndProject
Project("{2150E333-8FDC-42A3-9474-1A3956D46DE8}") = "Presentation", "Presentation", "{BA88D08F-0859-4DD2-BA90-11DBD4C11557}"
EndProject
Project("{9A19103F-16F7-4668-BE54-9A1E7A4F7556}") = "Microservice.RabbitMQ.Domain", "Microservice.RabbitMQ.Domain\Microservice.RabbitMQ.Domain.csproj", "{0D7440E8-2963-4DBB-9E4C-07C5D65728DD}"
EndProject
Project("{FAE04EC0-301F-11D3-BF4B-00C04F79EFBC}") = "Microservices.RabbitMQ.Infra.Bus", "Microservices.RabbitMQ.Infra.Bus\Microservices.RabbitMQ.Infra.Bus.csproj", "{62114100-73EF-4058-82CC-3F9DEAABF023}"
EndProject
Project("{FAE04EC0-301F-11D3-BF4B-00C04F79EFBC}") = "Microservice.Rabbit.Infra.InversionOfControl", "Microservice.Rabbit.Infra.InversionOfControl\Microservice.Rabbit.Infra.InversionOfControl.csproj", "{932766C0-85DF-40F3-B4EC-6D31D41F86D7}"
EndProject
Global
	GlobalSection(SolutionConfigurationPlatforms) = preSolution
		Debug|Any CPU = Debug|Any CPU
		Release|Any CPU = Release|Any CPU
	EndGlobalSection
	GlobalSection(ProjectConfigurationPlatforms) = postSolution
		{0D7440E8-2963-4DBB-9E4C-07C5D65728DD}.Debug|Any CPU.ActiveCfg = Debug|Any CPU
		{0D7440E8-2963-4DBB-9E4C-07C5D65728DD}.Debug|Any CPU.Build.0 = Debug|Any CPU
		{0D7440E8-2963-4DBB-9E4C-07C5D65728DD}.Release|Any CPU.ActiveCfg = Release|Any CPU
		{0D7440E8-2963-4DBB-9E4C-07C5D65728DD}.Release|Any CPU.Build.0 = Release|Any CPU
		{62114100-73EF-4058-82CC-3F9DEAABF023}.Debug|Any CPU.ActiveCfg = Debug|Any CPU
		{62114100-73EF-4058-82CC-3F9DEAABF023}.Debug|Any CPU.Build.0 = Debug|Any CPU
		{62114100-73EF-4058-82CC-3F9DEAABF023}.Release|Any CPU.ActiveCfg = Release|Any CPU
		{62114100-73EF-4058-82CC-3F9DEAABF023}.Release|Any CPU.Build.0 = Release|Any CPU
		{932766C0-85DF-40F3-B4EC-6D31D41F86D7}.Debug|Any CPU.ActiveCfg = Debug|Any CPU
		{932766C0-85DF-40F3-B4EC-6D31D41F86D7}.Debug|Any CPU.Build.0 = Debug|Any CPU
		{932766C0-85DF-40F3-B4EC-6D31D41F86D7}.Release|Any CPU.ActiveCfg = Release|Any CPU
		{932766C0-85DF-40F3-B4EC-6D31D41F86D7}.Release|Any CPU.Build.0 = Release|Any CPU
	EndGlobalSection
	GlobalSection(SolutionProperties) = preSolution
		HideSolutionNode = FALSE
	EndGlobalSection
	GlobalSection(NestedProjects) = preSolution
		{0D7440E8-2963-4DBB-9E4C-07C5D65728DD} = {4911D99B-97B6-4F63-9E67-3F5F6BF596EB}
		{62114100-73EF-4058-82CC-3F9DEAABF023} = {D2AF2620-8302-4D36-93E0-8E57F4C03487}
		{932766C0-85DF-40F3-B4EC-6D31D41F86D7} = {2F63F5FE-8FFB-4B76-8B9B-12571F4B7B66}
	EndGlobalSection
	GlobalSection(ExtensibilityGlobals) = postSolution
		SolutionGuid = {ABB78EA9-C3CB-4B59-BCA8-D28CC489FADB}
	EndGlobalSection
EndGlobal
